{
  "name": "messanger",
  "version": "0.1.0",
  "lockfileVersion": 1,
  "requires": true,
  "dependencies": {
    "emojione": {
      "version": "3.1.2",
      "resolved": "https://registry.npmjs.org/emojione/-/emojione-3.1.2.tgz",
      "integrity": "sha1-mR4wyA20sc8V6ssldiCn7c6cbvQ="
    }
  }
}
